// !$*UTF8*$!
{
	archiveVersion = 1;
	classes = {
	};
	objectVersion = 71;
	objects = {

/* Begin PBXBuildFile section */
		A00000000000000000000015 /* App/OpticalReceiverV5App.swift in Sources */ = {isa = PBXBuildFile; fileRef = A00000000000000000000011 /* App/OpticalReceiverV5App.swift */; };
		A00000000000000000000016 /* App/ReceiverView.swift in Sources */ = {isa = PBXBuildFile; fileRef = A00000000000000000000012 /* App/ReceiverView.swift */; };
		A00000000000000000000017 /* App/CimbarReceiverWebView.swift in Sources */ = {isa = PBXBuildFile; fileRef = A00000000000000000000013 /* App/CimbarReceiverWebView.swift */; };
		A00000000000000000000018 /* Resources/Web in Resources */ = {isa = PBXBuildFile; fileRef = A00000000000000000000014 /* Resources/Web */; };
/* End PBXBuildFile section */

/* Begin PBXFileReference section */
		A0000000000000000000000A /* OpticalReceiverV5.app */ = {isa = PBXFileReference; explicitFileType = wrapper.application; includeInIndex = 0; path = OpticalReceiverV5.app; sourceTree = BUILT_PRODUCTS_DIR; };
		A00000000000000000000011 /* App/OpticalReceiverV5App.swift */ = {isa = PBXFileReference; lastKnownFileType = sourcecode.swift; path = App/OpticalReceiverV5App.swift; sourceTree = "<group>"; };
		A00000000000000000000012 /* App/ReceiverView.swift */ = {isa = PBXFileReference; lastKnownFileType = sourcecode.swift; path = App/ReceiverView.swift; sourceTree = "<group>"; };
		A00000000000000000000013 /* App/CimbarReceiverWebView.swift */ = {isa = PBXFileReference; lastKnownFileType = sourcecode.swift; path = App/CimbarReceiverWebView.swift; sourceTree = "<group>"; };
		A00000000000000000000014 /* Resources/Web */ = {isa = PBXFileReference; lastKnownFileType = folder; path = Resources/Web; sourceTree = "<group>"; };
/* End PBXFileReference section */

/* Begin PBXFrameworksBuildPhase section */
		A00000000000000000000008 /* Frameworks */ = {
			isa = PBXFrameworksBuildPhase;
			buildActionMask = 2147483647;
			files = (
			);
			runOnlyForDeploymentPostprocessing = 0;
		};
/* End PBXFrameworksBuildPhase section */

/* Begin PBXGroup section */
		A00000000000000000000004 = {
			isa = PBXGroup;
			children = (
				A0000000000000000000000B /* . */,
				A00000000000000000000005 /* Products */,
			);
			sourceTree = "<group>";
		};
		A00000000000000000000005 /* Products */ = {
			isa = PBXGroup;
			children = (
				A0000000000000000000000A /* OpticalReceiverV5.app */,
			);
			name = Products;
			sourceTree = "<group>";
		};
		A0000000000000000000000B /* . */ = {
			isa = PBXGroup;
			children = (
				A00000000000000000000011 /* App/OpticalReceiverV5App.swift */,
				A00000000000000000000012 /* App/ReceiverView.swift */,
				A00000000000000000000013 /* App/CimbarReceiverWebView.swift */,
				A00000000000000000000014 /* Resources/Web */,
			);
			path = .;
			sourceTree = "<group>";
		};
/* End PBXGroup section */

/* Begin PBXNativeTarget section */
		A00000000000000000000002 /* OpticalReceiverV5 */ = {
			isa = PBXNativeTarget;
			buildConfigurationList = A00000000000000000000006 /* Build configuration list for PBXNativeTarget "OpticalReceiverV5" */;
			buildPhases = (
				A00000000000000000000007 /* Sources */,
				A00000000000000000000008 /* Frameworks */,
				A00000000000000000000009 /* Resources */,
			);
			buildRules = (
			);
			dependencies = (
			);
			name = OpticalReceiverV5;
			packageProductDependencies = (
			);
			productName = OpticalReceiverV5;
			productReference = A0000000000000000000000A /* OpticalReceiverV5.app */;
			productType = "com.apple.product-type.application";
		};
/* End PBXNativeTarget section */

/* Begin PBXProject section */
		A00000000000000000000001 /* Project object */ = {
			isa = PBXProject;
			attributes = {
				BuildIndependentTargetsInParallel = YES;
				LastSwiftUpdateCheck = 2660;
				LastUpgradeCheck = 2660;
				TargetAttributes = {
					A00000000000000000000002 = {
						CreatedOnToolsVersion = 26.0;
					};
				};
			};
			buildConfigurationList = A00000000000000000000003 /* Build configuration list for PBXProject "OpticalReceiverV5" */;
			compatibilityVersion = "Xcode 16.0";
			developmentRegion = zh_CN;
			hasScannedForEncodings = 0;
			knownRegions = (
				zh_CN,
				en,
				Base,
			);
			mainGroup = A00000000000000000000004;
			productRefGroup = A00000000000000000000005 /* Products */;
			projectDirPath = "";
			projectRoot = "";
			targets = (
				A00000000000000000000002 /* OpticalReceiverV5 */,
			);
		};
/* End PBXProject section */

/* Begin PBXResourcesBuildPhase section */
		A00000000000000000000009 /* Resources */ = {
			isa = PBXResourcesBuildPhase;
			buildActionMask = 2147483647;
			files = (
				A00000000000000000000018 /* Resources/Web in Resources */,
			);
			runOnlyForDeploymentPostprocessing = 0;
		};
/* End PBXResourcesBuildPhase section */

/* Begin PBXSourcesBuildPhase section */
		A00000000000000000000007 /* Sources */ = {
			isa = PBXSourcesBuildPhase;
			buildActionMask = 2147483647;
			files = (
				A00000000000000000000015 /* App/OpticalReceiverV5App.swift in Sources */,
				A00000000000000000000016 /* App/ReceiverView.swift in Sources */,
				A00000000000000000000017 /* App/CimbarReceiverWebView.swift in Sources */,
			);
			runOnlyForDeploymentPostprocessing = 0;
		};
/* End PBXSourcesBuildPhase section */

/* Begin XCBuildConfiguration section */
		A0000000000000000000000D /* Debug */ = {
			isa = XCBuildConfiguration;
			buildSettings = {
				ALWAYS_SEARCH_USER_PATHS = NO;
				CLANG_ANALYZER_NONNULL = YES;
				CLANG_CXX_LANGUAGE_STANDARD = "gnu++20";
				CLANG_ENABLE_MODULES = YES;
				CLANG_ENABLE_OBJC_ARC = YES;
				CLANG_WARN_DOCUMENTATION_COMMENTS = YES;
				COPY_PHASE_STRIP = NO;
				DEBUG_INFORMATION_FORMAT = dwarf;
				ENABLE_TESTABILITY = YES;
				GCC_C_LANGUAGE_STANDARD = gnu17;
				GCC_OPTIMIZATION_LEVEL = 0;
				GCC_PREPROCESSOR_DEFINITIONS = (
					"DEBUG=1",
					"$(inherited)",
				);
				IPHONEOS_DEPLOYMENT_TARGET = 16.0;
				ONLY_ACTIVE_ARCH = YES;
				SDKROOT = iphoneos;
				SWIFT_ACTIVE_COMPILATION_CONDITIONS = "DEBUG $(inherited)";
				SWIFT_OPTIMIZATION_LEVEL = "-Onone";
			};
			name = Debug;
		};
		A0000000000000000000000E /* Release */ = {
			isa = XCBuildConfiguration;
			buildSettings = {
				ALWAYS_SEARCH_USER_PATHS = NO;
				CLANG_ANALYZER_NONNULL = YES;
				CLANG_CXX_LANGUAGE_STANDARD = "gnu++20";
				CLANG_ENABLE_MODULES = YES;
				CLANG_ENABLE_OBJC_ARC = YES;
				COPY_PHASE_STRIP = YES;
				DEBUG_INFORMATION_FORMAT = "dwarf-with-dsym";
				GCC_C_LANGUAGE_STANDARD = gnu17;
				IPHONEOS_DEPLOYMENT_TARGET = 16.0;
				SDKROOT = iphoneos;
				SWIFT_COMPILATION_MODE = wholemodule;
				VALIDATE_PRODUCT = YES;
			};
			name = Release;
		};
		A0000000000000000000000F /* Debug */ = {
			isa = XCBuildConfiguration;
			buildSettings = {
				ASSETCATALOG_COMPILER_GENERATE_SWIFT_ASSET_SYMBOL_EXTENSIONS = YES;
				CODE_SIGN_STYLE = Automatic;
				CURRENT_PROJECT_VERSION = 1;
				DEVELOPMENT_TEAM = "";
				GENERATE_INFOPLIST_FILE = NO;
				INFOPLIST_FILE = Info.plist;
				MARKETING_VERSION = 5.0;
				PRODUCT_BUNDLE_IDENTIFIER = com.qrrec.opticalreceiver.v5;
				PRODUCT_NAME = "$(TARGET_NAME)";
				SUPPORTED_PLATFORMS = "iphoneos iphonesimulator";
				SWIFT_EMIT_LOC_STRINGS = YES;
				SWIFT_VERSION = 6.0;
				TARGETED_DEVICE_FAMILY = 1;
			};
			name = Debug;
		};
		A00000000000000000000010 /* Release */ = {
			isa = XCBuildConfiguration;
			buildSettings = {
				ASSETCATALOG_COMPILER_GENERATE_SWIFT_ASSET_SYMBOL_EXTENSIONS = YES;
				CODE_SIGN_STYLE = Automatic;
				CURRENT_PROJECT_VERSION = 1;
				DEVELOPMENT_TEAM = "";
				GENERATE_INFOPLIST_FILE = NO;
				INFOPLIST_FILE = Info.plist;
				MARKETING_VERSION = 5.0;
				PRODUCT_BUNDLE_IDENTIFIER = com.qrrec.opticalreceiver.v5;
				PRODUCT_NAME = "$(TARGET_NAME)";
				SUPPORTED_PLATFORMS = "iphoneos iphonesimulator";
				SWIFT_EMIT_LOC_STRINGS = YES;
				SWIFT_VERSION = 6.0;
				TARGETED_DEVICE_FAMILY = 1;
			};
			name = Release;
		};
/* End XCBuildConfiguration section */

/* Begin XCConfigurationList section */
		A00000000000000000000003 /* Build configuration list for PBXProject "OpticalReceiverV5" */ = {
			isa = XCConfigurationList;
			buildConfigurations = (
				A0000000000000000000000D /* Debug */,
				A0000000000000000000000E /* Release */,
			);
			defaultConfigurationIsVisible = 0;
			defaultConfigurationName = Release;
		};
		A00000000000000000000006 /* Build configuration list for PBXNativeTarget "OpticalReceiverV5" */ = {
			isa = XCConfigurationList;
			buildConfigurations = (
				A0000000000000000000000F /* Debug */,
				A00000000000000000000010 /* Release */,
			);
			defaultConfigurationIsVisible = 0;
			defaultConfigurationName = Release;
		};
/* End XCConfigurationList section */
	};
	rootObject = A00000000000000000000001 /* Project object */;
}
